// !$*UTF8*$!
{
	archiveVersion = 1;
	classes = {
	};
	objectVersion = 55;
	objects = {

/* Begin PBXBuildFile section */
		C7448809274835B700FC4B01 /* Color+Ex.swift in Sources */ = {isa = PBXBuildFile; fileRef = C7448808274835B700FC4B01 /* Color+Ex.swift */; };
		C744880B2748FEF000FC4B01 /* TyreInfo.swift in Sources */ = {isa = PBXBuildFile; fileRef = C744880A2748FEF000FC4B01 /* TyreInfo.swift */; };
		C744880D2748FF1600FC4B01 /* TyrePsi.swift in Sources */ = {isa = PBXBuildFile; fileRef = C744880C2748FF1600FC4B01 /* TyrePsi.swift */; };
		C744880F27490DF200FC4B01 /* TemperatureView.swift in Sources */ = {isa = PBXBuildFile; fileRef = C744880E27490DF200FC4B01 /* TemperatureView.swift */; };
		C78F0E3827482D570036895A /* ContentView.swift in Sources */ = {isa = PBXBuildFile; fileRef = C78F0E3727482D570036895A /* ContentView.swift */; };
		C78F0E3A27482D5C0036895A /* Assets.xcassets in Resources */ = {isa = PBXBuildFile; fileRef = C78F0E3927482D5C0036895A /* Assets.xcassets */; };
		C78F0E3D27482D5C0036895A /* Preview Assets.xcassets in Resources */ = {isa = PBXBuildFile; fileRef = C78F0E3C27482D5C0036895A /* Preview Assets.xcassets */; };
		C78F0E4627482DAC0036895A /* AppDelegate.swift in Sources */ = {isa = PBXBuildFile; fileRef = C78F0E4427482DAC0036895A /* AppDelegate.swift */; };
		C78F0E4727482DAC0036895A /* SceneDelegate.swift in Sources */ = {isa = PBXBuildFile; fileRef = C78F0E4527482DAC0036895A /* SceneDelegate.swift */; };
		C78F0E4B274831640036895A /* TeslaView.swift in Sources */ = {isa = PBXBuildFile; fileRef = C78F0E4A274831640036895A /* TeslaView.swift */; };
		C78F0E4E2748317B0036895A /* Tesla.swift in Sources */ = {isa = PBXBuildFile; fileRef = C78F0E4D2748317B0036895A /* Tesla.swift */; };
		C78F0E50274832500036895A /* StatusHeader.swift in Sources */ = {isa = PBXBuildFile; fileRef = C78F0E4F274832500036895A /* StatusHeader.swift */; };
/* End PBXBuildFile section */

/* Begin PBXFileReference section */
		C7448808274835B700FC4B01 /* Color+Ex.swift */ = {isa = PBXFileReference; lastKnownFileType = sourcecode.swift; path = "Color+Ex.swift"; sourceTree = "<group>"; };
		C744880A2748FEF000FC4B01 /* TyreInfo.swift */ = {isa = PBXFileReference; lastKnownFileType = sourcecode.swift; path = TyreInfo.swift; sourceTree = "<group>"; };
		C744880C2748FF1600FC4B01 /* TyrePsi.swift */ = {isa = PBXFileReference; lastKnownFileType = sourcecode.swift; path = TyrePsi.swift; sourceTree = "<group>"; };
		C744880E27490DF200FC4B01 /* TemperatureView.swift */ = {isa = PBXFileReference; lastKnownFileType = sourcecode.swift; path = TemperatureView.swift; sourceTree = "<group>"; };
		C78F0E3227482D570036895A /* TaslaApp.app */ = {isa = PBXFileReference; explicitFileType = wrapper.application; includeInIndex = 0; path = TaslaApp.app; sourceTree = BUILT_PRODUCTS_DIR; };
		C78F0E3727482D570036895A /* ContentView.swift */ = {isa = PBXFileReference; lastKnownFileType = sourcecode.swift; path = ContentView.swift; sourceTree = "<group>"; };
		C78F0E3927482D5C0036895A /* Assets.xcassets */ = {isa = PBXFileReference; lastKnownFileType = folder.assetcatalog; path = Assets.xcassets; sourceTree = "<group>"; };
		C78F0E3C27482D5C0036895A /* Preview Assets.xcassets */ = {isa = PBXFileReference; lastKnownFileType = folder.assetcatalog; path = "Preview Assets.xcassets"; sourceTree = "<group>"; };
		C78F0E4427482DAC0036895A /* AppDelegate.swift */ = {isa = PBXFileReference; fileEncoding = 4; lastKnownFileType = sourcecode.swift; path = AppDelegate.swift; sourceTree = "<group>"; };
		C78F0E4527482DAC0036895A /* SceneDelegate.swift */ = {isa = PBXFileReference; fileEncoding = 4; lastKnownFileType = sourcecode.swift; path = SceneDelegate.swift; sourceTree = "<group>"; };
		C78F0E4827482DE90036895A /* Info.plist */ = {isa = PBXFileReference; lastKnownFileType = text.plist; path = Info.plist; sourceTree = "<group>"; };
		C78F0E4A274831640036895A /* TeslaView.swift */ = {isa = PBXFileReference; lastKnownFileType = sourcecode.swift; path = TeslaView.swift; sourceTree = "<group>"; };
		C78F0E4D2748317B0036895A /* Tesla.swift */ = {isa = PBXFileReference; lastKnownFileType = sourcecode.swift; path = Tesla.swift; sourceTree = "<group>"; };
		C78F0E4F274832500036895A /* StatusHeader.swift */ = {isa = PBXFileReference; lastKnownFileType = sourcecode.swift; path = StatusHeader.swift; sourceTree = "<group>"; };
/* End PBXFileReference section */

/* Begin PBXFrameworksBuildPhase section */
		C78F0E2F27482D570036895A /* Frameworks */ = {
			isa = PBXFrameworksBuildPhase;
			buildActionMask = 2147483647;
			files = (
			);
			runOnlyForDeploymentPostprocessing = 0;
		};
/* End PBXFrameworksBuildPhase section */

/* Begin PBXGroup section */
		C7448807274835A700FC4B01 /* Extension */ = {
			isa = PBXGroup;
			children = (
				C7448808274835B700FC4B01 /* Color+Ex.swift */,
			);
			path = Extension;
			sourceTree = "<group>";
		};
		C78F0E2927482D570036895A = {
			isa = PBXGroup;
			children = (
				C78F0E3427482D570036895A /* TaslaApp */,
				C78F0E3327482D570036895A /* Products */,
			);
			sourceTree = "<group>";
		};
		C78F0E3327482D570036895A /* Products */ = {
			isa = PBXGroup;
			children = (
				C78F0E3227482D570036895A /* TaslaApp.app */,
			);
			name = Products;
			sourceTree = "<group>";
		};
		C78F0E3427482D570036895A /* TaslaApp */ = {
			isa = PBXGroup;
			children = (
				C7448807274835A700FC4B01 /* Extension */,
				C78F0E4C2748316F0036895A /* Model */,
				C78F0E49274831530036895A /* View */,
				C78F0E4827482DE90036895A /* Info.plist */,
				C78F0E4327482D8E0036895A /* App */,
				C78F0E3727482D570036895A /* ContentView.swift */,
				C78F0E3927482D5C0036895A /* Assets.xcassets */,
				C78F0E3B27482D5C0036895A /* Preview Content */,
			);
			path = TaslaApp;
			sourceTree = "<group>";
		};
		C78F0E3B27482D5C0036895A /* Preview Content */ = {
			isa = PBXGroup;
			children = (
				C78F0E3C27482D5C0036895A /* Preview Assets.xcassets */,
			);
			path = "Preview Content";
			sourceTree = "<group>";
		};
		C78F0E4327482D8E0036895A /* App */ = {
			isa = PBXGroup;
			children = (
				C78F0E4427482DAC0036895A /* AppDelegate.swift */,
				C78F0E4527482DAC0036895A /* SceneDelegate.swift */,
			);
			path = App;
			sourceTree = "<group>";
		};
		C78F0E49274831530036895A /* View */ = {
			isa = PBXGroup;
			children = (
				C78F0E4A274831640036895A /* TeslaView.swift */,
				C78F0E4F274832500036895A /* StatusHeader.swift */,
				C744880A2748FEF000FC4B01 /* TyreInfo.swift */,
				C744880E27490DF200FC4B01 /* TemperatureView.swift */,
			);
			path = View;
			sourceTree = "<group>";
		};
		C78F0E4C2748316F0036895A /* Model */ = {
			isa = PBXGroup;
			children = (
				C78F0E4D2748317B0036895A /* Tesla.swift */,
				C744880C2748FF1600FC4B01 /* TyrePsi.swift */,
			);
			path = Model;
			sourceTree = "<group>";
		};
/* End PBXGroup section */

/* Begin PBXNativeTarget section */
		C78F0E3127482D570036895A /* TaslaApp */ = {
			isa = PBXNativeTarget;
			buildConfigurationList = C78F0E4027482D5C0036895A /* Build configuration list for PBXNativeTarget "TaslaApp" */;
			buildPhases = (
				C78F0E2E27482D570036895A /* Sources */,
				C78F0E2F27482D570036895A /* Frameworks */,
				C78F0E3027482D570036895A /* Resources */,
			);
			buildRules = (
			);
			dependencies = (
			);
			name = TaslaApp;
			productName = TaslaApp;
			productReference = C78F0E3227482D570036895A /* TaslaApp.app */;
			productType = "com.apple.product-type.application";
		};
/* End PBXNativeTarget section */

/* Begin PBXProject section */
		C78F0E2A27482D570036895A /* Project object */ = {
			isa = PBXProject;
			attributes = {
				BuildIndependentTargetsInParallel = 1;
				LastSwiftUpdateCheck = 1310;
				LastUpgradeCheck = 1310;
				ORGANIZATIONNAME = "Shahriar Nasim Nafi";
				TargetAttributes = {
					C78F0E3127482D570036895A = {
						CreatedOnToolsVersion = 13.1;
					};
				};
			};
			buildConfigurationList = C78F0E2D27482D570036895A /* Build configuration list for PBXProject "TaslaApp" */;
			compatibilityVersion = "Xcode 13.0";
			developmentRegion = en;
			hasScannedForEncodings = 0;
			knownRegions = (
				en,
				Base,
			);
			mainGroup = C78F0E2927482D570036895A;
			productRefGroup = C78F0E3327482D570036895A /* Products */;
			projectDirPath = "";
			projectRoot = "";
			targets = (
				C78F0E3127482D570036895A /* TaslaApp */,
			);
		};
/* End PBXProject section */

/* Begin PBXResourcesBuildPhase section */
		C78F0E3027482D570036895A /* Resources */ = {
			isa = PBXResourcesBuildPhase;
			buildActionMask = 2147483647;
			files = (
				C78F0E3D27482D5C0036895A /* Preview Assets.xcassets in Resources */,
				C78F0E3A27482D5C0036895A /* Assets.xcassets in Resources */,
			);
			runOnlyForDeploymentPostprocessing = 0;
		};
/* End PBXResourcesBuildPhase section */

/* Begin PBXSourcesBuildPhase section */
		C78F0E2E27482D570036895A /* Sources */ = {
			isa = PBXSourcesBuildPhase;
			buildActionMask = 2147483647;
			files = (
				C78F0E4E2748317B0036895A /* Tesla.swift in Sources */,
				C78F0E4627482DAC0036895A /* AppDelegate.swift in Sources */,
				C78F0E3827482D570036895A /* ContentView.swift in Sources */,
				C7448809274835B700FC4B01 /* Color+Ex.swift in Sources */,
				C744880B2748FEF000FC4B01 /* TyreInfo.swift in Sources */,
				C744880F27490DF200FC4B01 /* TemperatureView.swift in Sources */,
				C78F0E4B274831640036895A /* TeslaView.swift in Sources */,
				C78F0E50274832500036895A /* StatusHeader.swift in Sources */,
				C78F0E4727482DAC0036895A /* SceneDelegate.swift in Sources */,
				C744880D2748FF1600FC4B01 /* TyrePsi.swift in Sources */,
			);
			runOnlyForDeploymentPostprocessing = 0;
		};
/* End PBXSourcesBuildPhase section */

/* Begin XCBuildConfiguration section */
		C78F0E3E27482D5C0036895A /* Debug */ = {
			isa = XCBuildConfiguration;
			buildSettings = {
				ALWAYS_SEARCH_USER_PATHS = NO;
				CLANG_ANALYZER_NONNULL = YES;
				CLANG_ANALYZER_NUMBER_OBJECT_CONVERSION = YES_AGGRESSIVE;
				CLANG_CXX_LANGUAGE_STANDARD = "gnu++17";
				CLANG_CXX_LIBRARY = "libc++";
				CLANG_ENABLE_MODULES = YES;
				CLANG_ENABLE_OBJC_ARC = YES;
				CLANG_ENABLE_OBJC_WEAK = YES;
				CLANG_WARN_BLOCK_CAPTURE_AUTORELEASING = YES;
				CLANG_WARN_BOOL_CONVERSION = YES;
				CLANG_WARN_COMMA = YES;
				CLANG_WARN_CONSTANT_CONVERSION = YES;
				CLANG_WARN_DEPRECATED_OBJC_IMPLEMENTATIONS = YES;
				CLANG_WARN_DIRECT_OBJC_ISA_USAGE = YES_ERROR;
				CLANG_WARN_DOCUMENTATION_COMMENTS = YES;
				CLANG_WARN_EMPTY_BODY = YES;
				CLANG_WARN_ENUM_CONVERSION = YES;
				CLANG_WARN_INFINITE_RECURSION = YES;
				CLANG_WARN_INT_CONVERSION = YES;
				CLANG_WARN_NON_LITERAL_NULL_CONVERSION = YES;
				CLANG_WARN_OBJC_IMPLICIT_RETAIN_SELF = YES;
				CLANG_WARN_OBJC_LITERAL_CONVERSION = YES;
				CLANG_WARN_OBJC_ROOT_CLASS = YES_ERROR;
				CLANG_WARN_QUOTED_INCLUDE_IN_FRAMEWORK_HEADER = YES;
				CLANG_WARN_RANGE_LOOP_ANALYSIS = YES;
				CLANG_WARN_STRICT_PROTOTYPES = YES;
				CLANG_WARN_SUSPICIOUS_MOVE = YES;
				CLANG_WARN_UNGUARDED_AVAILABILITY = YES_AGGRESSIVE;
				CLANG_WARN_UNREACHABLE_CODE = YES;
				CLANG_WARN__DUPLICATE_METHOD_MATCH = YES;
				COPY_PHASE_STRIP = NO;
				DEBUG_INFORMATION_FORMAT = dwarf;
				ENABLE_STRICT_OBJC_MSGSEND = YES;
				ENABLE_TESTABILITY = YES;
				GCC_C_LANGUAGE_STANDARD = gnu11;
				GCC_DYNAMIC_NO_PIC = NO;
				GCC_NO_COMMON_BLOCKS = YES;
				GCC_OPTIMIZATION_LEVEL = 0;
				GCC_PREPROCESSOR_DEFINITIONS = (
					"DEBUG=1",
					"$(inherited)",
				);
				GCC_WARN_64_TO_32_BIT_CONVERSION = YES;
				GCC_WARN_ABOUT_RETURN_TYPE = YES_ERROR;
				GCC_WARN_UNDECLARED_SELECTOR = YES;
				GCC_WARN_UNINITIALIZED_AUTOS = YES_AGGRESSIVE;
				GCC_WARN_UNUSED_FUNCTION = YES;
				GCC_WARN_UNUSED_VARIABLE = YES;
				IPHONEOS_DEPLOYMENT_TARGET = 15.0;
				MTL_ENABLE_DEBUG_INFO = INCLUDE_SOURCE;
				MTL_FAST_MATH = YES;
				ONLY_ACTIVE_ARCH = YES;
				SDKROOT = iphoneos;
				SWIFT_ACTIVE_COMPILATION_CONDITIONS = DEBUG;
				SWIFT_OPTIMIZATION_LEVEL = "-Onone";
			};
			name = Debug;
		};
		C78F0E3F27482D5C0036895A /* Release */ = {
			isa = XCBuildConfiguration;
			buildSettings = {
				ALWAYS_SEARCH_USER_PATHS = NO;
				CLANG_ANALYZER_NONNULL = YES;
				CLANG_ANALYZER_NUMBER_OBJECT_CONVERSION = YES_AGGRESSIVE;
				CLANG_CXX_LANGUAGE_STANDARD = "gnu++17";
				CLANG_CXX_LIBRARY = "libc++";
				CLANG_ENABLE_MODULES = YES;
				CLANG_ENABLE_OBJC_ARC = YES;
				CLANG_ENABLE_OBJC_WEAK = YES;
				CLANG_WARN_BLOCK_CAPTURE_AUTORELEASING = YES;
				CLANG_WARN_BOOL_CONVERSION = YES;
				CLANG_WARN_COMMA = YES;
				CLANG_WARN_CONSTANT_CONVERSION = YES;
				CLANG_WARN_DEPRECATED_OBJC_IMPLEMENTATIONS = YES;
				CLANG_WARN_DIRECT_OBJC_ISA_USAGE = YES_ERROR;
				CLANG_WARN_DOCUMENTATION_COMMENTS = YES;
				CLANG_WARN_EMPTY_BODY = YES;
				CLANG_WARN_ENUM_CONVERSION = YES;
				CLANG_WARN_INFINITE_RECURSION = YES;
				CLANG_WARN_INT_CONVERSION = YES;
				CLANG_WARN_NON_LITERAL_NULL_CONVERSION = YES;
				CLANG_WARN_OBJC_IMPLICIT_RETAIN_SELF = YES;
				CLANG_WARN_OBJC_LITERAL_CONVERSION = YES;
				CLANG_WARN_OBJC_ROOT_CLASS = YES_ERROR;
				CLANG_WARN_QUOTED_INCLUDE_IN_FRAMEWORK_HEADER = YES;
				CLANG_WARN_RANGE_LOOP_ANALYSIS = YES;
				CLANG_WARN_STRICT_PROTOTYPES = YES;
				CLANG_WARN_SUSPICIOUS_MOVE = YES;
				CLANG_WARN_UNGUARDED_AVAILABILITY = YES_AGGRESSIVE;
				CLANG_WARN_UNREACHABLE_CODE = YES;
				CLANG_WARN__DUPLICATE_METHOD_MATCH = YES;
				COPY_PHASE_STRIP = NO;
				DEBUG_INFORMATION_FORMAT = "dwarf-with-dsym";
				ENABLE_NS_ASSERTIONS = NO;
				ENABLE_STRICT_OBJC_MSGSEND = YES;
				GCC_C_LANGUAGE_STANDARD = gnu11;
				GCC_NO_COMMON_BLOCKS = YES;
				GCC_WARN_64_TO_32_BIT_CONVERSION = YES;
				GCC_WARN_ABOUT_RETURN_TYPE = YES_ERROR;
				GCC_WARN_UNDECLARED_SELECTOR = YES;
				GCC_WARN_UNINITIALIZED_AUTOS = YES_AGGRESSIVE;
				GCC_WARN_UNUSED_FUNCTION = YES;
				GCC_WARN_UNUSED_VARIABLE = YES;
				IPHONEOS_DEPLOYMENT_TARGET = 15.0;
				MTL_ENABLE_DEBUG_INFO = NO;
				MTL_FAST_MATH = YES;
				SDKROOT = iphoneos;
				SWIFT_COMPILATION_MODE = wholemodule;
				SWIFT_OPTIMIZATION_LEVEL = "-O";
				VALIDATE_PRODUCT = YES;
			};
			name = Release;
		};
		C78F0E4127482D5C0036895A /* Debug */ = {
			isa = XCBuildConfiguration;
			buildSettings = {
				ASSETCATALOG_COMPILER_APPICON_NAME = AppIcon;
				ASSETCATALOG_COMPILER_GLOBAL_ACCENT_COLOR_NAME = AccentColor;
				CODE_SIGN_STYLE = Automatic;
				CURRENT_PROJECT_VERSION = 1;
				DEVELOPMENT_ASSET_PATHS = "\"TaslaApp/Preview Content\"";
				DEVELOPMENT_TEAM = J4SV74FUBV;
				ENABLE_PREVIEWS = YES;
				GENERATE_INFOPLIST_FILE = YES;
				INFOPLIST_FILE = TaslaApp/Info.plist;
				INFOPLIST_KEY_UIApplicationSupportsIndirectInputEvents = YES;
				INFOPLIST_KEY_UILaunchScreen_Generation = YES;
				INFOPLIST_KEY_UISupportedInterfaceOrientations_iPad = "UIInterfaceOrientationPortrait UIInterfaceOrientationPortraitUpsideDown UIInterfaceOrientationLandscapeLeft UIInterfaceOrientationLandscapeRight";
				INFOPLIST_KEY_UISupportedInterfaceOrientations_iPhone = "UIInterfaceOrientationPortrait UIInterfaceOrientationLandscapeLeft UIInterfaceOrientationLandscapeRight";
				LD_RUNPATH_SEARCH_PATHS = (
					"$(inherited)",
					"@executable_path/Frameworks",
				);
				MARKETING_VERSION = 1.0;
				PRODUCT_BUNDLE_IDENTIFIER = snnafi.TaslaApp;
				PRODUCT_NAME = "$(TARGET_NAME)";
				SWIFT_EMIT_LOC_STRINGS = YES;
				SWIFT_VERSION = 5.0;
				TARGETED_DEVICE_FAMILY = "1,2";
			};
			name = Debug;
		};
		C78F0E4227482D5C0036895A /* Release */ = {
			isa = XCBuildConfiguration;
			buildSettings = {
				ASSETCATALOG_COMPILER_APPICON_NAME = AppIcon;
				ASSETCATALOG_COMPILER_GLOBAL_ACCENT_COLOR_NAME = AccentColor;
				CODE_SIGN_STYLE = Automatic;
				CURRENT_PROJECT_VERSION = 1;
				DEVELOPMENT_ASSET_PATHS = "\"TaslaApp/Preview Content\"";
				DEVELOPMENT_TEAM = J4SV74FUBV;
				ENABLE_PREVIEWS = YES;
				GENERATE_INFOPLIST_FILE = YES;
				INFOPLIST_FILE = TaslaApp/Info.plist;
				INFOPLIST_KEY_UIApplicationSupportsIndirectInputEvents = YES;
				INFOPLIST_KEY_UILaunchScreen_Generation = YES;
				INFOPLIST_KEY_UISupportedInterfaceOrientations_iPad = "UIInterfaceOrientationPortrait UIInterfaceOrientationPortraitUpsideDown UIInterfaceOrientationLandscapeLeft UIInterfaceOrientationLandscapeRight";
				INFOPLIST_KEY_UISupportedInterfaceOrientations_iPhone = "UIInterfaceOrientationPortrait UIInterfaceOrientationLandscapeLeft UIInterfaceOrientationLandscapeRight";
				LD_RUNPATH_SEARCH_PATHS = (
					"$(inherited)",
					"@executable_path/Frameworks",
				);
				MARKETING_VERSION = 1.0;
				PRODUCT_BUNDLE_IDENTIFIER = snnafi.TaslaApp;
				PRODUCT_NAME = "$(TARGET_NAME)";
				SWIFT_EMIT_LOC_STRINGS = YES;
				SWIFT_VERSION = 5.0;
				TARGETED_DEVICE_FAMILY = "1,2";
			};
			name = Release;
		};
/* End XCBuildConfiguration section */

/* Begin XCConfigurationList section */
		C78F0E2D27482D570036895A /* Build configuration list for PBXProject "TaslaApp" */ = {
			isa = XCConfigurationList;
			buildConfigurations = (
				C78F0E3E27482D5C0036895A /* Debug */,
				C78F0E3F27482D5C0036895A /* Release */,
			);
			defaultConfigurationIsVisible = 0;
			defaultConfigurationName = Release;
		};
		C78F0E4027482D5C0036895A /* Build configuration list for PBXNativeTarget "TaslaApp" */ = {
			isa = XCConfigurationList;
			buildConfigurations = (
				C78F0E4127482D5C0036895A /* Debug */,
				C78F0E4227482D5C0036895A /* Release */,
			);
			defaultConfigurationIsVisible = 0;
			defaultConfigurationName = Release;
		};
/* End XCConfigurationList section */
	};
	rootObject = C78F0E2A27482D570036895A /* Project object */;
}
